// !$*UTF8*$!
{
	archiveVersion = 1;
	classes = {
	};
	objectVersion = 46;
	objects = {

/* Begin PBXBuildFile section */
		63FF7CA23B572E0465C42186 /* Pods_devslopes_social.framework in Frameworks */ = {isa = PBXBuildFile; fileRef = F2A122D247AA951B36114C48 /* Pods_devslopes_social.framework */; };
		A68ACAE21ED784DF00A72ADB /* FancyView.swift in Sources */ = {isa = PBXBuildFile; fileRef = A68ACAE11ED784DF00A72ADB /* FancyView.swift */; };
		A68ACAE51ED7857200A72ADB /* Constants.swift in Sources */ = {isa = PBXBuildFile; fileRef = A68ACAE41ED7857200A72ADB /* Constants.swift */; };
		A68ACAE71ED787B500A72ADB /* RoundBtn.swift in Sources */ = {isa = PBXBuildFile; fileRef = A68ACAE61ED787B500A72ADB /* RoundBtn.swift */; };
		A68ACAEA1ED7894E00A72ADB /* FancyField.swift in Sources */ = {isa = PBXBuildFile; fileRef = A68ACAE91ED7894E00A72ADB /* FancyField.swift */; };
		A68ACAEC1ED78AA400A72ADB /* FancyBtn.swift in Sources */ = {isa = PBXBuildFile; fileRef = A68ACAEB1ED78AA400A72ADB /* FancyBtn.swift */; };
		A6A2064B1ED1B6050037073A /* AppDelegate.swift in Sources */ = {isa = PBXBuildFile; fileRef = A6A2064A1ED1B6050037073A /* AppDelegate.swift */; };
		A6A2064D1ED1B6050037073A /* SignInVc.swift in Sources */ = {isa = PBXBuildFile; fileRef = A6A2064C1ED1B6050037073A /* SignInVc.swift */; };
		A6A206501ED1B6050037073A /* Main.storyboard in Resources */ = {isa = PBXBuildFile; fileRef = A6A2064E1ED1B6050037073A /* Main.storyboard */; };
		A6A206521ED1B6050037073A /* Assets.xcassets in Resources */ = {isa = PBXBuildFile; fileRef = A6A206511ED1B6050037073A /* Assets.xcassets */; };
		A6A206551ED1B6050037073A /* LaunchScreen.storyboard in Resources */ = {isa = PBXBuildFile; fileRef = A6A206531ED1B6050037073A /* LaunchScreen.storyboard */; };
		A6A2065D1ED1B6E60037073A /* GoogleService-Info.plist in Resources */ = {isa = PBXBuildFile; fileRef = A6A2065C1ED1B6E60037073A /* GoogleService-Info.plist */; };
/* End PBXBuildFile section */

/* Begin PBXFileReference section */
		4091C7E12849AE6D8754BE4D /* Pods-devslopes-social.release.xcconfig */ = {isa = PBXFileReference; includeInIndex = 1; lastKnownFileType = text.xcconfig; name = "Pods-devslopes-social.release.xcconfig"; path = "Pods/Target Support Files/Pods-devslopes-social/Pods-devslopes-social.release.xcconfig"; sourceTree = "<group>"; };
		4A5B04DDA281F58B3F8B3997 /* Pods-devslopes-social.debug.xcconfig */ = {isa = PBXFileReference; includeInIndex = 1; lastKnownFileType = text.xcconfig; name = "Pods-devslopes-social.debug.xcconfig"; path = "Pods/Target Support Files/Pods-devslopes-social/Pods-devslopes-social.debug.xcconfig"; sourceTree = "<group>"; };
		A68ACAE11ED784DF00A72ADB /* FancyView.swift */ = {isa = PBXFileReference; fileEncoding = 4; lastKnownFileType = sourcecode.swift; path = FancyView.swift; sourceTree = "<group>"; };
		A68ACAE41ED7857200A72ADB /* Constants.swift */ = {isa = PBXFileReference; fileEncoding = 4; lastKnownFileType = sourcecode.swift; path = Constants.swift; sourceTree = "<group>"; };
		A68ACAE61ED787B500A72ADB /* RoundBtn.swift */ = {isa = PBXFileReference; fileEncoding = 4; lastKnownFileType = sourcecode.swift; path = RoundBtn.swift; sourceTree = "<group>"; };
		A68ACAE91ED7894E00A72ADB /* FancyField.swift */ = {isa = PBXFileReference; fileEncoding = 4; lastKnownFileType = sourcecode.swift; path = FancyField.swift; sourceTree = "<group>"; };
		A68ACAEB1ED78AA400A72ADB /* FancyBtn.swift */ = {isa = PBXFileReference; fileEncoding = 4; lastKnownFileType = sourcecode.swift; path = FancyBtn.swift; sourceTree = "<group>"; };
		A6A206471ED1B6050037073A /* devslopes-social.app */ = {isa = PBXFileReference; explicitFileType = wrapper.application; includeInIndex = 0; path = "devslopes-social.app"; sourceTree = BUILT_PRODUCTS_DIR; };
		A6A2064A1ED1B6050037073A /* AppDelegate.swift */ = {isa = PBXFileReference; lastKnownFileType = sourcecode.swift; path = AppDelegate.swift; sourceTree = "<group>"; };
		A6A2064C1ED1B6050037073A /* SignInVc.swift */ = {isa = PBXFileReference; lastKnownFileType = sourcecode.swift; path = SignInVc.swift; sourceTree = "<group>"; };
		A6A2064F1ED1B6050037073A /* Base */ = {isa = PBXFileReference; lastKnownFileType = file.storyboard; name = Base; path = Base.lproj/Main.storyboard; sourceTree = "<group>"; };
		A6A206511ED1B6050037073A /* Assets.xcassets */ = {isa = PBXFileReference; lastKnownFileType = folder.assetcatalog; path = Assets.xcassets; sourceTree = "<group>"; };
		A6A206541ED1B6050037073A /* Base */ = {isa = PBXFileReference; lastKnownFileType = file.storyboard; name = Base; path = Base.lproj/LaunchScreen.storyboard; sourceTree = "<group>"; };
		A6A206561ED1B6050037073A /* Info.plist */ = {isa = PBXFileReference; lastKnownFileType = text.plist.xml; path = Info.plist; sourceTree = "<group>"; };
		A6A2065C1ED1B6E60037073A /* GoogleService-Info.plist */ = {isa = PBXFileReference; fileEncoding = 4; lastKnownFileType = text.plist.xml; path = "GoogleService-Info.plist"; sourceTree = "<group>"; };
		F2A122D247AA951B36114C48 /* Pods_devslopes_social.framework */ = {isa = PBXFileReference; explicitFileType = wrapper.framework; includeInIndex = 0; path = Pods_devslopes_social.framework; sourceTree = BUILT_PRODUCTS_DIR; };
/* End PBXFileReference section */

/* Begin PBXFrameworksBuildPhase section */
		A6A206441ED1B6050037073A /* Frameworks */ = {
			isa = PBXFrameworksBuildPhase;
			buildActionMask = 2147483647;
			files = (
				63FF7CA23B572E0465C42186 /* Pods_devslopes_social.framework in Frameworks */,
			);
			runOnlyForDeploymentPostprocessing = 0;
		};
/* End PBXFrameworksBuildPhase section */

/* Begin PBXGroup section */
		98BF41E7BC19F8A71F2EF3A7 /* Pods */ = {
			isa = PBXGroup;
			children = (
				4A5B04DDA281F58B3F8B3997 /* Pods-devslopes-social.debug.xcconfig */,
				4091C7E12849AE6D8754BE4D /* Pods-devslopes-social.release.xcconfig */,
			);
			name = Pods;
			sourceTree = "<group>";
		};
		A68ACAE31ED7856100A72ADB /* Util */ = {
			isa = PBXGroup;
			children = (
				A68ACAE41ED7857200A72ADB /* Constants.swift */,
			);
			name = Util;
			sourceTree = "<group>";
		};
		A6A2063E1ED1B6050037073A = {
			isa = PBXGroup;
			children = (
				A6A206491ED1B6050037073A /* devslopes-social */,
				A6A206481ED1B6050037073A /* Products */,
				98BF41E7BC19F8A71F2EF3A7 /* Pods */,
				BE46ADE9F9078BB6F67A6E62 /* Frameworks */,
			);
			sourceTree = "<group>";
		};
		A6A206481ED1B6050037073A /* Products */ = {
			isa = PBXGroup;
			children = (
				A6A206471ED1B6050037073A /* devslopes-social.app */,
			);
			name = Products;
			sourceTree = "<group>";
		};
		A6A206491ED1B6050037073A /* devslopes-social */ = {
			isa = PBXGroup;
			children = (
				A68ACAE31ED7856100A72ADB /* Util */,
				A6FD0F261ED1B9100022B249 /* Model */,
				A6FD0F281ED1B91B0022B249 /* Controller */,
				A6FD0F271ED1B9170022B249 /* View */,
				A6A2064A1ED1B6050037073A /* AppDelegate.swift */,
				A6A2064E1ED1B6050037073A /* Main.storyboard */,
				A6A206511ED1B6050037073A /* Assets.xcassets */,
				A6A206531ED1B6050037073A /* LaunchScreen.storyboard */,
				A6A206561ED1B6050037073A /* Info.plist */,
				A6A2065C1ED1B6E60037073A /* GoogleService-Info.plist */,
			);
			path = "devslopes-social";
			sourceTree = "<group>";
		};
		A6FD0F261ED1B9100022B249 /* Model */ = {
			isa = PBXGroup;
			children = (
			);
			name = Model;
			sourceTree = "<group>";
		};
		A6FD0F271ED1B9170022B249 /* View */ = {
			isa = PBXGroup;
			children = (
				A68ACAE11ED784DF00A72ADB /* FancyView.swift */,
				A68ACAE61ED787B500A72ADB /* RoundBtn.swift */,
				A68ACAE91ED7894E00A72ADB /* FancyField.swift */,
				A68ACAEB1ED78AA400A72ADB /* FancyBtn.swift */,
			);
			name = View;
			sourceTree = "<group>";
		};
		A6FD0F281ED1B91B0022B249 /* Controller */ = {
			isa = PBXGroup;
			children = (
				A6A2064C1ED1B6050037073A /* SignInVc.swift */,
			);
			name = Controller;
			sourceTree = "<group>";
		};
		BE46ADE9F9078BB6F67A6E62 /* Frameworks */ = {
			isa = PBXGroup;
			children = (
				F2A122D247AA951B36114C48 /* Pods_devslopes_social.framework */,
			);
			name = Frameworks;
			sourceTree = "<group>";
		};
/* End PBXGroup section */

/* Begin PBXNativeTarget section */
		A6A206461ED1B6050037073A /* devslopes-social */ = {
			isa = PBXNativeTarget;
			buildConfigurationList = A6A206591ED1B6050037073A /* Build configuration list for PBXNativeTarget "devslopes-social" */;
			buildPhases = (
				DE00A16200C0FF3C8C4E5F88 /* [CP] Check Pods Manifest.lock */,
				A6A206431ED1B6050037073A /* Sources */,
				A6A206441ED1B6050037073A /* Frameworks */,
				A6A206451ED1B6050037073A /* Resources */,
				CFD4E54A9ACB3122E9526054 /* [CP] Embed Pods Frameworks */,
				87B6C3C0ECB0D7B2A37C92BC /* [CP] Copy Pods Resources */,
			);
			buildRules = (
			);
			dependencies = (
			);
			name = "devslopes-social";
			productName = "devslopes-social";
			productReference = A6A206471ED1B6050037073A /* devslopes-social.app */;
			productType = "com.apple.product-type.application";
		};
/* End PBXNativeTarget section */

/* Begin PBXProject section */
		A6A2063F1ED1B6050037073A /* Project object */ = {
			isa = PBXProject;
			attributes = {
				LastSwiftUpdateCheck = 0830;
				LastUpgradeCheck = 0830;
				ORGANIZATIONNAME = "Ervin Pepic";
				TargetAttributes = {
					A6A206461ED1B6050037073A = {
						CreatedOnToolsVersion = 8.3.2;
						DevelopmentTeam = 2AN56XY8NA;
						ProvisioningStyle = Automatic;
					};
				};
			};
			buildConfigurationList = A6A206421ED1B6050037073A /* Build configuration list for PBXProject "devslopes-social" */;
			compatibilityVersion = "Xcode 3.2";
			developmentRegion = English;
			hasScannedForEncodings = 0;
			knownRegions = (
				en,
				Base,
			);
			mainGroup = A6A2063E1ED1B6050037073A;
			productRefGroup = A6A206481ED1B6050037073A /* Products */;
			projectDirPath = "";
			projectRoot = "";
			targets = (
				A6A206461ED1B6050037073A /* devslopes-social */,
			);
		};
/* End PBXProject section */

/* Begin PBXResourcesBuildPhase section */
		A6A206451ED1B6050037073A /* Resources */ = {
			isa = PBXResourcesBuildPhase;
			buildActionMask = 2147483647;
			files = (
				A6A206551ED1B6050037073A /* LaunchScreen.storyboard in Resources */,
				A6A2065D1ED1B6E60037073A /* GoogleService-Info.plist in Resources */,
				A6A206521ED1B6050037073A /* Assets.xcassets in Resources */,
				A6A206501ED1B6050037073A /* Main.storyboard in Resources */,
			);
			runOnlyForDeploymentPostprocessing = 0;
		};
/* End PBXResourcesBuildPhase section */

/* Begin PBXShellScriptBuildPhase section */
		87B6C3C0ECB0D7B2A37C92BC /* [CP] Copy Pods Resources */ = {
			isa = PBXShellScriptBuildPhase;
			buildActionMask = 2147483647;
			files = (
			);
			inputPaths = (
			);
			name = "[CP] Copy Pods Resources";
			outputPaths = (
			);
			runOnlyForDeploymentPostprocessing = 0;
			shellPath = /bin/sh;
			shellScript = "\"${SRCROOT}/Pods/Target Support Files/Pods-devslopes-social/Pods-devslopes-social-resources.sh\"\n";
			showEnvVarsInLog = 0;
		};
		CFD4E54A9ACB3122E9526054 /* [CP] Embed Pods Frameworks */ = {
			isa = PBXShellScriptBuildPhase;
			buildActionMask = 2147483647;
			files = (
			);
			inputPaths = (
			);
			name = "[CP] Embed Pods Frameworks";
			outputPaths = (
			);
			runOnlyForDeploymentPostprocessing = 0;
			shellPath = /bin/sh;
			shellScript = "\"${SRCROOT}/Pods/Target Support Files/Pods-devslopes-social/Pods-devslopes-social-frameworks.sh\"\n";
			showEnvVarsInLog = 0;
		};
		DE00A16200C0FF3C8C4E5F88 /* [CP] Check Pods Manifest.lock */ = {
			isa = PBXShellScriptBuildPhase;
			buildActionMask = 2147483647;
			files = (
			);
			inputPaths = (
			);
			name = "[CP] Check Pods Manifest.lock";
			outputPaths = (
			);
			runOnlyForDeploymentPostprocessing = 0;
			shellPath = /bin/sh;
			shellScript = "diff \"${PODS_ROOT}/../Podfile.lock\" \"${PODS_ROOT}/Manifest.lock\" > /dev/null\nif [ $? != 0 ] ; then\n    # print error to STDERR\n    echo \"error: The sandbox is not in sync with the Podfile.lock. Run 'pod install' or update your CocoaPods installation.\" >&2\n    exit 1\nfi\n";
			showEnvVarsInLog = 0;
		};
/* End PBXShellScriptBuildPhase section */

/* Begin PBXSourcesBuildPhase section */
		A6A206431ED1B6050037073A /* Sources */ = {
			isa = PBXSourcesBuildPhase;
			buildActionMask = 2147483647;
			files = (
				A68ACAEA1ED7894E00A72ADB /* FancyField.swift in Sources */,
				A6A2064D1ED1B6050037073A /* SignInVc.swift in Sources */,
				A68ACAE71ED787B500A72ADB /* RoundBtn.swift in Sources */,
				A6A2064B1ED1B6050037073A /* AppDelegate.swift in Sources */,
				A68ACAE21ED784DF00A72ADB /* FancyView.swift in Sources */,
				A68ACAE51ED7857200A72ADB /* Constants.swift in Sources */,
				A68ACAEC1ED78AA400A72ADB /* FancyBtn.swift in Sources */,
			);
			runOnlyForDeploymentPostprocessing = 0;
		};
/* End PBXSourcesBuildPhase section */

/* Begin PBXVariantGroup section */
		A6A2064E1ED1B6050037073A /* Main.storyboard */ = {
			isa = PBXVariantGroup;
			children = (
				A6A2064F1ED1B6050037073A /* Base */,
			);
			name = Main.storyboard;
			sourceTree = "<group>";
		};
		A6A206531ED1B6050037073A /* LaunchScreen.storyboard */ = {
			isa = PBXVariantGroup;
			children = (
				A6A206541ED1B6050037073A /* Base */,
			);
			name = LaunchScreen.storyboard;
			sourceTree = "<group>";
		};
/* End PBXVariantGroup section */

/* Begin XCBuildConfiguration section */
		A6A206571ED1B6050037073A /* Debug */ = {
			isa = XCBuildConfiguration;
			buildSettings = {
				ALWAYS_SEARCH_USER_PATHS = NO;
				CLANG_ANALYZER_NONNULL = YES;
				CLANG_ANALYZER_NUMBER_OBJECT_CONVERSION = YES_AGGRESSIVE;
				CLANG_CXX_LANGUAGE_STANDARD = "gnu++0x";
				CLANG_CXX_LIBRARY = "libc++";
				CLANG_ENABLE_MODULES = YES;
				CLANG_ENABLE_OBJC_ARC = YES;
				CLANG_WARN_BOOL_CONVERSION = YES;
				CLANG_WARN_CONSTANT_CONVERSION = YES;
				CLANG_WARN_DIRECT_OBJC_ISA_USAGE = YES_ERROR;
				CLANG_WARN_DOCUMENTATION_COMMENTS = YES;
				CLANG_WARN_EMPTY_BODY = YES;
				CLANG_WARN_ENUM_CONVERSION = YES;
				CLANG_WARN_INFINITE_RECURSION = YES;
				CLANG_WARN_INT_CONVERSION = YES;
				CLANG_WARN_OBJC_ROOT_CLASS = YES_ERROR;
				CLANG_WARN_SUSPICIOUS_MOVE = YES;
				CLANG_WARN_UNREACHABLE_CODE = YES;
				CLANG_WARN__DUPLICATE_METHOD_MATCH = YES;
				"CODE_SIGN_IDENTITY[sdk=iphoneos*]" = "iPhone Developer";
				COPY_PHASE_STRIP = NO;
				DEBUG_INFORMATION_FORMAT = dwarf;
				ENABLE_STRICT_OBJC_MSGSEND = YES;
				ENABLE_TESTABILITY = YES;
				GCC_C_LANGUAGE_STANDARD = gnu99;
				GCC_DYNAMIC_NO_PIC = NO;
				GCC_NO_COMMON_BLOCKS = YES;
				GCC_OPTIMIZATION_LEVEL = 0;
				GCC_PREPROCESSOR_DEFINITIONS = (
					"DEBUG=1",
					"$(inherited)",
				);
				GCC_WARN_64_TO_32_BIT_CONVERSION = YES;
				GCC_WARN_ABOUT_RETURN_TYPE = YES_ERROR;
				GCC_WARN_UNDECLARED_SELECTOR = YES;
				GCC_WARN_UNINITIALIZED_AUTOS = YES_AGGRESSIVE;
				GCC_WARN_UNUSED_FUNCTION = YES;
				GCC_WARN_UNUSED_VARIABLE = YES;
				IPHONEOS_DEPLOYMENT_TARGET = 10.3;
				MTL_ENABLE_DEBUG_INFO = YES;
				ONLY_ACTIVE_ARCH = YES;
				SDKROOT = iphoneos;
				SWIFT_ACTIVE_COMPILATION_CONDITIONS = DEBUG;
				SWIFT_OPTIMIZATION_LEVEL = "-Onone";
				TARGETED_DEVICE_FAMILY = "1,2";
			};
			name = Debug;
		};
		A6A206581ED1B6050037073A /* Release */ = {
			isa = XCBuildConfiguration;
			buildSettings = {
				ALWAYS_SEARCH_USER_PATHS = NO;
				CLANG_ANALYZER_NONNULL = YES;
				CLANG_ANALYZER_NUMBER_OBJECT_CONVERSION = YES_AGGRESSIVE;
				CLANG_CXX_LANGUAGE_STANDARD = "gnu++0x";
				CLANG_CXX_LIBRARY = "libc++";
				CLANG_ENABLE_MODULES = YES;
				CLANG_ENABLE_OBJC_ARC = YES;
				CLANG_WARN_BOOL_CONVERSION = YES;
				CLANG_WARN_CONSTANT_CONVERSION = YES;
				CLANG_WARN_DIRECT_OBJC_ISA_USAGE = YES_ERROR;
				CLANG_WARN_DOCUMENTATION_COMMENTS = YES;
				CLANG_WARN_EMPTY_BODY = YES;
				CLANG_WARN_ENUM_CONVERSION = YES;
				CLANG_WARN_INFINITE_RECURSION = YES;
				CLANG_WARN_INT_CONVERSION = YES;
				CLANG_WARN_OBJC_ROOT_CLASS = YES_ERROR;
				CLANG_WARN_SUSPICIOUS_MOVE = YES;
				CLANG_WARN_UNREACHABLE_CODE = YES;
				CLANG_WARN__DUPLICATE_METHOD_MATCH = YES;
				"CODE_SIGN_IDENTITY[sdk=iphoneos*]" = "iPhone Developer";
				COPY_PHASE_STRIP = NO;
				DEBUG_INFORMATION_FORMAT = "dwarf-with-dsym";
				ENABLE_NS_ASSERTIONS = NO;
				ENABLE_STRICT_OBJC_MSGSEND = YES;
				GCC_C_LANGUAGE_STANDARD = gnu99;
				GCC_NO_COMMON_BLOCKS = YES;
				GCC_WARN_64_TO_32_BIT_CONVERSION = YES;
				GCC_WARN_ABOUT_RETURN_TYPE = YES_ERROR;
				GCC_WARN_UNDECLARED_SELECTOR = YES;
				GCC_WARN_UNINITIALIZED_AUTOS = YES_AGGRESSIVE;
				GCC_WARN_UNUSED_FUNCTION = YES;
				GCC_WARN_UNUSED_VARIABLE = YES;
				IPHONEOS_DEPLOYMENT_TARGET = 10.3;
				MTL_ENABLE_DEBUG_INFO = NO;
				SDKROOT = iphoneos;
				SWIFT_OPTIMIZATION_LEVEL = "-Owholemodule";
				TARGETED_DEVICE_FAMILY = "1,2";
				VALIDATE_PRODUCT = YES;
			};
			name = Release;
		};
		A6A2065A1ED1B6050037073A /* Debug */ = {
			isa = XCBuildConfiguration;
			baseConfigurationReference = 4A5B04DDA281F58B3F8B3997 /* Pods-devslopes-social.debug.xcconfig */;
			buildSettings = {
				ASSETCATALOG_COMPILER_APPICON_NAME = AppIcon;
				DEVELOPMENT_TEAM = 2AN56XY8NA;
				INFOPLIST_FILE = "devslopes-social/Info.plist";
				LD_RUNPATH_SEARCH_PATHS = "$(inherited) @executable_path/Frameworks";
				PRODUCT_BUNDLE_IDENTIFIER = "com.ervin.devslopes-social";
				PRODUCT_NAME = "$(TARGET_NAME)";
				SWIFT_VERSION = 3.0;
			};
			name = Debug;
		};
		A6A2065B1ED1B6050037073A /* Release */ = {
			isa = XCBuildConfiguration;
			baseConfigurationReference = 4091C7E12849AE6D8754BE4D /* Pods-devslopes-social.release.xcconfig */;
			buildSettings = {
				ASSETCATALOG_COMPILER_APPICON_NAME = AppIcon;
				DEVELOPMENT_TEAM = 2AN56XY8NA;
				INFOPLIST_FILE = "devslopes-social/Info.plist";
				LD_RUNPATH_SEARCH_PATHS = "$(inherited) @executable_path/Frameworks";
				PRODUCT_BUNDLE_IDENTIFIER = "com.ervin.devslopes-social";
				PRODUCT_NAME = "$(TARGET_NAME)";
				SWIFT_VERSION = 3.0;
			};
			name = Release;
		};
/* End XCBuildConfiguration section */

/* Begin XCConfigurationList section */
		A6A206421ED1B6050037073A /* Build configuration list for PBXProject "devslopes-social" */ = {
			isa = XCConfigurationList;
			buildConfigurations = (
				A6A206571ED1B6050037073A /* Debug */,
				A6A206581ED1B6050037073A /* Release */,
			);
			defaultConfigurationIsVisible = 0;
			defaultConfigurationName = Release;
		};
		A6A206591ED1B6050037073A /* Build configuration list for PBXNativeTarget "devslopes-social" */ = {
			isa = XCConfigurationList;
			buildConfigurations = (
				A6A2065A1ED1B6050037073A /* Debug */,
				A6A2065B1ED1B6050037073A /* Release */,
			);
			defaultConfigurationIsVisible = 0;
			defaultConfigurationName = Release;
		};
/* End XCConfigurationList section */
	};
	rootObject = A6A2063F1ED1B6050037073A /* Project object */;
}
